
Microsoft Visual Studio Solution File, Format Version 12.00
# Visual Studio Version 17
VisualStudioVersion = 17.2.32602.215
MinimumVisualStudioVersion = 10.0.40219.1
Project("{FAE04EC0-301F-11D3-BF4B-00C04F79EFBC}") = "EnumerationsSwitchDecision", "EnumerationsSwitchDecision.csproj", "{66B7E460-8658-46B5-AB3A-D0080581F9D5}"
EndProject
Global
	GlobalSection(SolutionConfigurationPlatforms) = preSolution
		Debug|Any CPU = Debug|Any CPU
		Release|Any CPU = Release|Any CPU
	EndGlobalSection
	GlobalSection(ProjectConfigurationPlatforms) = postSolution
		{66B7E460-8658-46B5-AB3A-D0080581F9D5}.Debug|Any CPU.ActiveCfg = Debug|Any CPU
		{66B7E460-8658-46B5-AB3A-D0080581F9D5}.Debug|Any CPU.Build.0 = Debug|Any CPU
		{66B7E460-8658-46B5-AB3A-D0080581F9D5}.Release|Any CPU.ActiveCfg = Release|Any CPU
		{66B7E460-8658-46B5-AB3A-D0080581F9D5}.Release|Any CPU.Build.0 = Release|Any CPU
	EndGlobalSection
	GlobalSection(SolutionProperties) = preSolution
		HideSolutionNode = FALSE
	EndGlobalSection
	GlobalSection(ExtensibilityGlobals) = postSolution
		SolutionGuid = {F863708E-2CC7-4703-BD1D-FCF123FB540E}
	EndGlobalSection
EndGlobal
